// !$*UTF8*$!
{
	archiveVersion = 1;
	classes = {
	};
	objectVersion = 55;
	objects = {

/* Begin PBXBuildFile section */
		300EE147284FAD7C009FB908 /* AppDelegate.swift in Sources */ = {isa = PBXBuildFile; fileRef = 300EE146284FAD7C009FB908 /* AppDelegate.swift */; };
		300EE149284FAD7C009FB908 /* SceneDelegate.swift in Sources */ = {isa = PBXBuildFile; fileRef = 300EE148284FAD7C009FB908 /* SceneDelegate.swift */; };
		300EE14B284FAD7C009FB908 /* ViewController.swift in Sources */ = {isa = PBXBuildFile; fileRef = 300EE14A284FAD7C009FB908 /* ViewController.swift */; };
		300EE14E284FAD7C009FB908 /* Main.storyboard in Resources */ = {isa = PBXBuildFile; fileRef = 300EE14C284FAD7C009FB908 /* Main.storyboard */; };
		300EE150284FAD7E009FB908 /* Assets.xcassets in Resources */ = {isa = PBXBuildFile; fileRef = 300EE14F284FAD7E009FB908 /* Assets.xcassets */; };
		300EE153284FAD7E009FB908 /* LaunchScreen.storyboard in Resources */ = {isa = PBXBuildFile; fileRef = 300EE151284FAD7E009FB908 /* LaunchScreen.storyboard */; };
		300EE15E284FAD7E009FB908 /* ScreenBrightnessCombineDemoTests.swift in Sources */ = {isa = PBXBuildFile; fileRef = 300EE15D284FAD7E009FB908 /* ScreenBrightnessCombineDemoTests.swift */; };
		300EE168284FAD7E009FB908 /* ScreenBrightnessCombineDemoUITests.swift in Sources */ = {isa = PBXBuildFile; fileRef = 300EE167284FAD7E009FB908 /* ScreenBrightnessCombineDemoUITests.swift */; };
		300EE16A284FAD7E009FB908 /* ScreenBrightnessCombineDemoUITestsLaunchTests.swift in Sources */ = {isa = PBXBuildFile; fileRef = 300EE169284FAD7E009FB908 /* ScreenBrightnessCombineDemoUITestsLaunchTests.swift */; };
/* End PBXBuildFile section */

/* Begin PBXContainerItemProxy section */
		300EE15A284FAD7E009FB908 /* PBXContainerItemProxy */ = {
			isa = PBXContainerItemProxy;
			containerPortal = 300EE13B284FAD7C009FB908 /* Project object */;
			proxyType = 1;
			remoteGlobalIDString = 300EE142284FAD7C009FB908;
			remoteInfo = ScreenBrightnessCombineDemo;
		};
		300EE164284FAD7E009FB908 /* PBXContainerItemProxy */ = {
			isa = PBXContainerItemProxy;
			containerPortal = 300EE13B284FAD7C009FB908 /* Project object */;
			proxyType = 1;
			remoteGlobalIDString = 300EE142284FAD7C009FB908;
			remoteInfo = ScreenBrightnessCombineDemo;
		};
/* End PBXContainerItemProxy section */

/* Begin PBXFileReference section */
		300EE143284FAD7C009FB908 /* ScreenBrightnessCombineDemo.app */ = {isa = PBXFileReference; explicitFileType = wrapper.application; includeInIndex = 0; path = ScreenBrightnessCombineDemo.app; sourceTree = BUILT_PRODUCTS_DIR; };
		300EE146284FAD7C009FB908 /* AppDelegate.swift */ = {isa = PBXFileReference; lastKnownFileType = sourcecode.swift; path = AppDelegate.swift; sourceTree = "<group>"; };
		300EE148284FAD7C009FB908 /* SceneDelegate.swift */ = {isa = PBXFileReference; lastKnownFileType = sourcecode.swift; path = SceneDelegate.swift; sourceTree = "<group>"; };
		300EE14A284FAD7C009FB908 /* ViewController.swift */ = {isa = PBXFileReference; lastKnownFileType = sourcecode.swift; path = ViewController.swift; sourceTree = "<group>"; };
		300EE14D284FAD7C009FB908 /* Base */ = {isa = PBXFileReference; lastKnownFileType = file.storyboard; name = Base; path = Base.lproj/Main.storyboard; sourceTree = "<group>"; };
		300EE14F284FAD7E009FB908 /* Assets.xcassets */ = {isa = PBXFileReference; lastKnownFileType = folder.assetcatalog; path = Assets.xcassets; sourceTree = "<group>"; };
		300EE152284FAD7E009FB908 /* Base */ = {isa = PBXFileReference; lastKnownFileType = file.storyboard; name = Base; path = Base.lproj/LaunchScreen.storyboard; sourceTree = "<group>"; };
		300EE154284FAD7E009FB908 /* Info.plist */ = {isa = PBXFileReference; lastKnownFileType = text.plist.xml; path = Info.plist; sourceTree = "<group>"; };
		300EE159284FAD7E009FB908 /* ScreenBrightnessCombineDemoTests.xctest */ = {isa = PBXFileReference; explicitFileType = wrapper.cfbundle; includeInIndex = 0; path = ScreenBrightnessCombineDemoTests.xctest; sourceTree = BUILT_PRODUCTS_DIR; };
		300EE15D284FAD7E009FB908 /* ScreenBrightnessCombineDemoTests.swift */ = {isa = PBXFileReference; lastKnownFileType = sourcecode.swift; path = ScreenBrightnessCombineDemoTests.swift; sourceTree = "<group>"; };
		300EE163284FAD7E009FB908 /* ScreenBrightnessCombineDemoUITests.xctest */ = {isa = PBXFileReference; explicitFileType = wrapper.cfbundle; includeInIndex = 0; path = ScreenBrightnessCombineDemoUITests.xctest; sourceTree = BUILT_PRODUCTS_DIR; };
		300EE167284FAD7E009FB908 /* ScreenBrightnessCombineDemoUITests.swift */ = {isa = PBXFileReference; lastKnownFileType = sourcecode.swift; path = ScreenBrightnessCombineDemoUITests.swift; sourceTree = "<group>"; };
		300EE169284FAD7E009FB908 /* ScreenBrightnessCombineDemoUITestsLaunchTests.swift */ = {isa = PBXFileReference; lastKnownFileType = sourcecode.swift; path = ScreenBrightnessCombineDemoUITestsLaunchTests.swift; sourceTree = "<group>"; };
/* End PBXFileReference section */

/* Begin PBXFrameworksBuildPhase section */
		300EE140284FAD7C009FB908 /* Frameworks */ = {
			isa = PBXFrameworksBuildPhase;
			buildActionMask = 2147483647;
			files = (
			);
			runOnlyForDeploymentPostprocessing = 0;
		};
		300EE156284FAD7E009FB908 /* Frameworks */ = {
			isa = PBXFrameworksBuildPhase;
			buildActionMask = 2147483647;
			files = (
			);
			runOnlyForDeploymentPostprocessing = 0;
		};
		300EE160284FAD7E009FB908 /* Frameworks */ = {
			isa = PBXFrameworksBuildPhase;
			buildActionMask = 2147483647;
			files = (
			);
			runOnlyForDeploymentPostprocessing = 0;
		};
/* End PBXFrameworksBuildPhase section */

/* Begin PBXGroup section */
		300EE13A284FAD7C009FB908 = {
			isa = PBXGroup;
			children = (
				300EE145284FAD7C009FB908 /* ScreenBrightnessCombineDemo */,
				300EE15C284FAD7E009FB908 /* ScreenBrightnessCombineDemoTests */,
				300EE166284FAD7E009FB908 /* ScreenBrightnessCombineDemoUITests */,
				300EE144284FAD7C009FB908 /* Products */,
			);
			sourceTree = "<group>";
		};
		300EE144284FAD7C009FB908 /* Products */ = {
			isa = PBXGroup;
			children = (
				300EE143284FAD7C009FB908 /* ScreenBrightnessCombineDemo.app */,
				300EE159284FAD7E009FB908 /* ScreenBrightnessCombineDemoTests.xctest */,
				300EE163284FAD7E009FB908 /* ScreenBrightnessCombineDemoUITests.xctest */,
			);
			name = Products;
			sourceTree = "<group>";
		};
		300EE145284FAD7C009FB908 /* ScreenBrightnessCombineDemo */ = {
			isa = PBXGroup;
			children = (
				300EE146284FAD7C009FB908 /* AppDelegate.swift */,
				300EE148284FAD7C009FB908 /* SceneDelegate.swift */,
				300EE14A284FAD7C009FB908 /* ViewController.swift */,
				300EE14C284FAD7C009FB908 /* Main.storyboard */,
				300EE14F284FAD7E009FB908 /* Assets.xcassets */,
				300EE151284FAD7E009FB908 /* LaunchScreen.storyboard */,
				300EE154284FAD7E009FB908 /* Info.plist */,
			);
			path = ScreenBrightnessCombineDemo;
			sourceTree = "<group>";
		};
		300EE15C284FAD7E009FB908 /* ScreenBrightnessCombineDemoTests */ = {
			isa = PBXGroup;
			children = (
				300EE15D284FAD7E009FB908 /* ScreenBrightnessCombineDemoTests.swift */,
			);
			path = ScreenBrightnessCombineDemoTests;
			sourceTree = "<group>";
		};
		300EE166284FAD7E009FB908 /* ScreenBrightnessCombineDemoUITests */ = {
			isa = PBXGroup;
			children = (
				300EE167284FAD7E009FB908 /* ScreenBrightnessCombineDemoUITests.swift */,
				300EE169284FAD7E009FB908 /* ScreenBrightnessCombineDemoUITestsLaunchTests.swift */,
			);
			path = ScreenBrightnessCombineDemoUITests;
			sourceTree = "<group>";
		};
/* End PBXGroup section */

/* Begin PBXNativeTarget section */
		300EE142284FAD7C009FB908 /* ScreenBrightnessCombineDemo */ = {
			isa = PBXNativeTarget;
			buildConfigurationList = 300EE16D284FAD7E009FB908 /* Build configuration list for PBXNativeTarget "ScreenBrightnessCombineDemo" */;
			buildPhases = (
				300EE13F284FAD7C009FB908 /* Sources */,
				300EE140284FAD7C009FB908 /* Frameworks */,
				300EE141284FAD7C009FB908 /* Resources */,
			);
			buildRules = (
			);
			dependencies = (
			);
			name = ScreenBrightnessCombineDemo;
			productName = ScreenBrightnessCombineDemo;
			productReference = 300EE143284FAD7C009FB908 /* ScreenBrightnessCombineDemo.app */;
			productType = "com.apple.product-type.application";
		};
		300EE158284FAD7E009FB908 /* ScreenBrightnessCombineDemoTests */ = {
			isa = PBXNativeTarget;
			buildConfigurationList = 300EE170284FAD7E009FB908 /* Build configuration list for PBXNativeTarget "ScreenBrightnessCombineDemoTests" */;
			buildPhases = (
				300EE155284FAD7E009FB908 /* Sources */,
				300EE156284FAD7E009FB908 /* Frameworks */,
				300EE157284FAD7E009FB908 /* Resources */,
			);
			buildRules = (
			);
			dependencies = (
				300EE15B284FAD7E009FB908 /* PBXTargetDependency */,
			);
			name = ScreenBrightnessCombineDemoTests;
			productName = ScreenBrightnessCombineDemoTests;
			productReference = 300EE159284FAD7E009FB908 /* ScreenBrightnessCombineDemoTests.xctest */;
			productType = "com.apple.product-type.bundle.unit-test";
		};
		300EE162284FAD7E009FB908 /* ScreenBrightnessCombineDemoUITests */ = {
			isa = PBXNativeTarget;
			buildConfigurationList = 300EE173284FAD7E009FB908 /* Build configuration list for PBXNativeTarget "ScreenBrightnessCombineDemoUITests" */;
			buildPhases = (
				300EE15F284FAD7E009FB908 /* Sources */,
				300EE160284FAD7E009FB908 /* Frameworks */,
				300EE161284FAD7E009FB908 /* Resources */,
			);
			buildRules = (
			);
			dependencies = (
				300EE165284FAD7E009FB908 /* PBXTargetDependency */,
			);
			name = ScreenBrightnessCombineDemoUITests;
			productName = ScreenBrightnessCombineDemoUITests;
			productReference = 300EE163284FAD7E009FB908 /* ScreenBrightnessCombineDemoUITests.xctest */;
			productType = "com.apple.product-type.bundle.ui-testing";
		};
/* End PBXNativeTarget section */

/* Begin PBXProject section */
		300EE13B284FAD7C009FB908 /* Project object */ = {
			isa = PBXProject;
			attributes = {
				BuildIndependentTargetsInParallel = 1;
				LastSwiftUpdateCheck = 1340;
				LastUpgradeCheck = 1340;
				TargetAttributes = {
					300EE142284FAD7C009FB908 = {
						CreatedOnToolsVersion = 13.4.1;
					};
					300EE158284FAD7E009FB908 = {
						CreatedOnToolsVersion = 13.4.1;
						TestTargetID = 300EE142284FAD7C009FB908;
					};
					300EE162284FAD7E009FB908 = {
						CreatedOnToolsVersion = 13.4.1;
						TestTargetID = 300EE142284FAD7C009FB908;
					};
				};
			};
			buildConfigurationList = 300EE13E284FAD7C009FB908 /* Build configuration list for PBXProject "ScreenBrightnessCombineDemo" */;
			compatibilityVersion = "Xcode 13.0";
			developmentRegion = en;
			hasScannedForEncodings = 0;
			knownRegions = (
				en,
				Base,
			);
			mainGroup = 300EE13A284FAD7C009FB908;
			productRefGroup = 300EE144284FAD7C009FB908 /* Products */;
			projectDirPath = "";
			projectRoot = "";
			targets = (
				300EE142284FAD7C009FB908 /* ScreenBrightnessCombineDemo */,
				300EE158284FAD7E009FB908 /* ScreenBrightnessCombineDemoTests */,
				300EE162284FAD7E009FB908 /* ScreenBrightnessCombineDemoUITests */,
			);
		};
/* End PBXProject section */

/* Begin PBXResourcesBuildPhase section */
		300EE141284FAD7C009FB908 /* Resources */ = {
			isa = PBXResourcesBuildPhase;
			buildActionMask = 2147483647;
			files = (
				300EE153284FAD7E009FB908 /* LaunchScreen.storyboard in Resources */,
				300EE150284FAD7E009FB908 /* Assets.xcassets in Resources */,
				300EE14E284FAD7C009FB908 /* Main.storyboard in Resources */,
			);
			runOnlyForDeploymentPostprocessing = 0;
		};
		300EE157284FAD7E009FB908 /* Resources */ = {
			isa = PBXResourcesBuildPhase;
			buildActionMask = 2147483647;
			files = (
			);
			runOnlyForDeploymentPostprocessing = 0;
		};
		300EE161284FAD7E009FB908 /* Resources */ = {
			isa = PBXResourcesBuildPhase;
			buildActionMask = 2147483647;
			files = (
			);
			runOnlyForDeploymentPostprocessing = 0;
		};
/* End PBXResourcesBuildPhase section */

/* Begin PBXSourcesBuildPhase section */
		300EE13F284FAD7C009FB908 /* Sources */ = {
			isa = PBXSourcesBuildPhase;
			buildActionMask = 2147483647;
			files = (
				300EE14B284FAD7C009FB908 /* ViewController.swift in Sources */,
				300EE147284FAD7C009FB908 /* AppDelegate.swift in Sources */,
				300EE149284FAD7C009FB908 /* SceneDelegate.swift in Sources */,
			);
			runOnlyForDeploymentPostprocessing = 0;
		};
		300EE155284FAD7E009FB908 /* Sources */ = {
			isa = PBXSourcesBuildPhase;
			buildActionMask = 2147483647;
			files = (
				300EE15E284FAD7E009FB908 /* ScreenBrightnessCombineDemoTests.swift in Sources */,
			);
			runOnlyForDeploymentPostprocessing = 0;
		};
		300EE15F284FAD7E009FB908 /* Sources */ = {
			isa = PBXSourcesBuildPhase;
			buildActionMask = 2147483647;
			files = (
				300EE16A284FAD7E009FB908 /* ScreenBrightnessCombineDemoUITestsLaunchTests.swift in Sources */,
				300EE168284FAD7E009FB908 /* ScreenBrightnessCombineDemoUITests.swift in Sources */,
			);
			runOnlyForDeploymentPostprocessing = 0;
		};
/* End PBXSourcesBuildPhase section */

/* Begin PBXTargetDependency section */
		300EE15B284FAD7E009FB908 /* PBXTargetDependency */ = {
			isa = PBXTargetDependency;
			target = 300EE142284FAD7C009FB908 /* ScreenBrightnessCombineDemo */;
			targetProxy = 300EE15A284FAD7E009FB908 /* PBXContainerItemProxy */;
		};
		300EE165284FAD7E009FB908 /* PBXTargetDependency */ = {
			isa = PBXTargetDependency;
			target = 300EE142284FAD7C009FB908 /* ScreenBrightnessCombineDemo */;
			targetProxy = 300EE164284FAD7E009FB908 /* PBXContainerItemProxy */;
		};
/* End PBXTargetDependency section */

/* Begin PBXVariantGroup section */
		300EE14C284FAD7C009FB908 /* Main.storyboard */ = {
			isa = PBXVariantGroup;
			children = (
				300EE14D284FAD7C009FB908 /* Base */,
			);
			name = Main.storyboard;
			sourceTree = "<group>";
		};
		300EE151284FAD7E009FB908 /* LaunchScreen.storyboard */ = {
			isa = PBXVariantGroup;
			children = (
				300EE152284FAD7E009FB908 /* Base */,
			);
			name = LaunchScreen.storyboard;
			sourceTree = "<group>";
		};
/* End PBXVariantGroup section */

/* Begin XCBuildConfiguration section */
		300EE16B284FAD7E009FB908 /* Debug */ = {
			isa = XCBuildConfiguration;
			buildSettings = {
				ALWAYS_SEARCH_USER_PATHS = NO;
				CLANG_ANALYZER_NONNULL = YES;
				CLANG_ANALYZER_NUMBER_OBJECT_CONVERSION = YES_AGGRESSIVE;
				CLANG_CXX_LANGUAGE_STANDARD = "gnu++17";
				CLANG_ENABLE_MODULES = YES;
				CLANG_ENABLE_OBJC_ARC = YES;
				CLANG_ENABLE_OBJC_WEAK = YES;
				CLANG_WARN_BLOCK_CAPTURE_AUTORELEASING = YES;
				CLANG_WARN_BOOL_CONVERSION = YES;
				CLANG_WARN_COMMA = YES;
				CLANG_WARN_CONSTANT_CONVERSION = YES;
				CLANG_WARN_DEPRECATED_OBJC_IMPLEMENTATIONS = YES;
				CLANG_WARN_DIRECT_OBJC_ISA_USAGE = YES_ERROR;
				CLANG_WARN_DOCUMENTATION_COMMENTS = YES;
				CLANG_WARN_EMPTY_BODY = YES;
				CLANG_WARN_ENUM_CONVERSION = YES;
				CLANG_WARN_INFINITE_RECURSION = YES;
				CLANG_WARN_INT_CONVERSION = YES;
				CLANG_WARN_NON_LITERAL_NULL_CONVERSION = YES;
				CLANG_WARN_OBJC_IMPLICIT_RETAIN_SELF = YES;
				CLANG_WARN_OBJC_LITERAL_CONVERSION = YES;
				CLANG_WARN_OBJC_ROOT_CLASS = YES_ERROR;
				CLANG_WARN_QUOTED_INCLUDE_IN_FRAMEWORK_HEADER = YES;
				CLANG_WARN_RANGE_LOOP_ANALYSIS = YES;
				CLANG_WARN_STRICT_PROTOTYPES = YES;
				CLANG_WARN_SUSPICIOUS_MOVE = YES;
				CLANG_WARN_UNGUARDED_AVAILABILITY = YES_AGGRESSIVE;
				CLANG_WARN_UNREACHABLE_CODE = YES;
				CLANG_WARN__DUPLICATE_METHOD_MATCH = YES;
				COPY_PHASE_STRIP = NO;
				DEBUG_INFORMATION_FORMAT = dwarf;
				ENABLE_STRICT_OBJC_MSGSEND = YES;
				ENABLE_TESTABILITY = YES;
				GCC_C_LANGUAGE_STANDARD = gnu11;
				GCC_DYNAMIC_NO_PIC = NO;
				GCC_NO_COMMON_BLOCKS = YES;
				GCC_OPTIMIZATION_LEVEL = 0;
				GCC_PREPROCESSOR_DEFINITIONS = (
					"DEBUG=1",
					"$(inherited)",
				);
				GCC_WARN_64_TO_32_BIT_CONVERSION = YES;
				GCC_WARN_ABOUT_RETURN_TYPE = YES_ERROR;
				GCC_WARN_UNDECLARED_SELECTOR = YES;
				GCC_WARN_UNINITIALIZED_AUTOS = YES_AGGRESSIVE;
				GCC_WARN_UNUSED_FUNCTION = YES;
				GCC_WARN_UNUSED_VARIABLE = YES;
				IPHONEOS_DEPLOYMENT_TARGET = 15.5;
				MTL_ENABLE_DEBUG_INFO = INCLUDE_SOURCE;
				MTL_FAST_MATH = YES;
				ONLY_ACTIVE_ARCH = YES;
				SDKROOT = iphoneos;
				SWIFT_ACTIVE_COMPILATION_CONDITIONS = DEBUG;
				SWIFT_OPTIMIZATION_LEVEL = "-Onone";
			};
			name = Debug;
		};
		300EE16C284FAD7E009FB908 /* Release */ = {
			isa = XCBuildConfiguration;
			buildSettings = {
				ALWAYS_SEARCH_USER_PATHS = NO;
				CLANG_ANALYZER_NONNULL = YES;
				CLANG_ANALYZER_NUMBER_OBJECT_CONVERSION = YES_AGGRESSIVE;
				CLANG_CXX_LANGUAGE_STANDARD = "gnu++17";
				CLANG_ENABLE_MODULES = YES;
				CLANG_ENABLE_OBJC_ARC = YES;
				CLANG_ENABLE_OBJC_WEAK = YES;
				CLANG_WARN_BLOCK_CAPTURE_AUTORELEASING = YES;
				CLANG_WARN_BOOL_CONVERSION = YES;
				CLANG_WARN_COMMA = YES;
				CLANG_WARN_CONSTANT_CONVERSION = YES;
				CLANG_WARN_DEPRECATED_OBJC_IMPLEMENTATIONS = YES;
				CLANG_WARN_DIRECT_OBJC_ISA_USAGE = YES_ERROR;
				CLANG_WARN_DOCUMENTATION_COMMENTS = YES;
				CLANG_WARN_EMPTY_BODY = YES;
				CLANG_WARN_ENUM_CONVERSION = YES;
				CLANG_WARN_INFINITE_RECURSION = YES;
				CLANG_WARN_INT_CONVERSION = YES;
				CLANG_WARN_NON_LITERAL_NULL_CONVERSION = YES;
				CLANG_WARN_OBJC_IMPLICIT_RETAIN_SELF = YES;
				CLANG_WARN_OBJC_LITERAL_CONVERSION = YES;
				CLANG_WARN_OBJC_ROOT_CLASS = YES_ERROR;
				CLANG_WARN_QUOTED_INCLUDE_IN_FRAMEWORK_HEADER = YES;
				CLANG_WARN_RANGE_LOOP_ANALYSIS = YES;
				CLANG_WARN_STRICT_PROTOTYPES = YES;
				CLANG_WARN_SUSPICIOUS_MOVE = YES;
				CLANG_WARN_UNGUARDED_AVAILABILITY = YES_AGGRESSIVE;
				CLANG_WARN_UNREACHABLE_CODE = YES;
				CLANG_WARN__DUPLICATE_METHOD_MATCH = YES;
				COPY_PHASE_STRIP = NO;
				DEBUG_INFORMATION_FORMAT = "dwarf-with-dsym";
				ENABLE_NS_ASSERTIONS = NO;
				ENABLE_STRICT_OBJC_MSGSEND = YES;
				GCC_C_LANGUAGE_STANDARD = gnu11;
				GCC_NO_COMMON_BLOCKS = YES;
				GCC_WARN_64_TO_32_BIT_CONVERSION = YES;
				GCC_WARN_ABOUT_RETURN_TYPE = YES_ERROR;
				GCC_WARN_UNDECLARED_SELECTOR = YES;
				GCC_WARN_UNINITIALIZED_AUTOS = YES_AGGRESSIVE;
				GCC_WARN_UNUSED_FUNCTION = YES;
				GCC_WARN_UNUSED_VARIABLE = YES;
				IPHONEOS_DEPLOYMENT_TARGET = 15.5;
				MTL_ENABLE_DEBUG_INFO = NO;
				MTL_FAST_MATH = YES;
				SDKROOT = iphoneos;
				SWIFT_COMPILATION_MODE = wholemodule;
				SWIFT_OPTIMIZATION_LEVEL = "-O";
				VALIDATE_PRODUCT = YES;
			};
			name = Release;
		};
		300EE16E284FAD7E009FB908 /* Debug */ = {
			isa = XCBuildConfiguration;
			buildSettings = {
				ASSETCATALOG_COMPILER_APPICON_NAME = AppIcon;
				ASSETCATALOG_COMPILER_GLOBAL_ACCENT_COLOR_NAME = AccentColor;
				CODE_SIGN_STYLE = Automatic;
				CURRENT_PROJECT_VERSION = 1;
				GENERATE_INFOPLIST_FILE = YES;
				INFOPLIST_FILE = ScreenBrightnessCombineDemo/Info.plist;
				INFOPLIST_KEY_UIApplicationSupportsIndirectInputEvents = YES;
				INFOPLIST_KEY_UILaunchStoryboardName = LaunchScreen;
				INFOPLIST_KEY_UIMainStoryboardFile = Main;
				INFOPLIST_KEY_UISupportedInterfaceOrientations_iPad = "UIInterfaceOrientationPortrait UIInterfaceOrientationPortraitUpsideDown UIInterfaceOrientationLandscapeLeft UIInterfaceOrientationLandscapeRight";
				INFOPLIST_KEY_UISupportedInterfaceOrientations_iPhone = "UIInterfaceOrientationPortrait UIInterfaceOrientationLandscapeLeft UIInterfaceOrientationLandscapeRight";
				LD_RUNPATH_SEARCH_PATHS = (
					"$(inherited)",
					"@executable_path/Frameworks",
				);
				MARKETING_VERSION = 1.0;
				PRODUCT_BUNDLE_IDENTIFIER = "com.rwbutler.screen-brightness.ScreenBrightnessCombineDemo";
				PRODUCT_NAME = "$(TARGET_NAME)";
				SWIFT_EMIT_LOC_STRINGS = YES;
				SWIFT_VERSION = 5.0;
				TARGETED_DEVICE_FAMILY = "1,2";
			};
			name = Debug;
		};
		300EE16F284FAD7E009FB908 /* Release */ = {
			isa = XCBuildConfiguration;
			buildSettings = {
				ASSETCATALOG_COMPILER_APPICON_NAME = AppIcon;
				ASSETCATALOG_COMPILER_GLOBAL_ACCENT_COLOR_NAME = AccentColor;
				CODE_SIGN_STYLE = Automatic;
				CURRENT_PROJECT_VERSION = 1;
				GENERATE_INFOPLIST_FILE = YES;
				INFOPLIST_FILE = ScreenBrightnessCombineDemo/Info.plist;
				INFOPLIST_KEY_UIApplicationSupportsIndirectInputEvents = YES;
				INFOPLIST_KEY_UILaunchStoryboardName = LaunchScreen;
				INFOPLIST_KEY_UIMainStoryboardFile = Main;
				INFOPLIST_KEY_UISupportedInterfaceOrientations_iPad = "UIInterfaceOrientationPortrait UIInterfaceOrientationPortraitUpsideDown UIInterfaceOrientationLandscapeLeft UIInterfaceOrientationLandscapeRight";
				INFOPLIST_KEY_UISupportedInterfaceOrientations_iPhone = "UIInterfaceOrientationPortrait UIInterfaceOrientationLandscapeLeft UIInterfaceOrientationLandscapeRight";
				LD_RUNPATH_SEARCH_PATHS = (
					"$(inherited)",
					"@executable_path/Frameworks",
				);
				MARKETING_VERSION = 1.0;
				PRODUCT_BUNDLE_IDENTIFIER = "com.rwbutler.screen-brightness.ScreenBrightnessCombineDemo";
				PRODUCT_NAME = "$(TARGET_NAME)";
				SWIFT_EMIT_LOC_STRINGS = YES;
				SWIFT_VERSION = 5.0;
				TARGETED_DEVICE_FAMILY = "1,2";
			};
			name = Release;
		};
		300EE171284FAD7E009FB908 /* Debug */ = {
			isa = XCBuildConfiguration;
			buildSettings = {
				ALWAYS_EMBED_SWIFT_STANDARD_LIBRARIES = YES;
				BUNDLE_LOADER = "$(TEST_HOST)";
				CODE_SIGN_STYLE = Automatic;
				CURRENT_PROJECT_VERSION = 1;
				GENERATE_INFOPLIST_FILE = YES;
				IPHONEOS_DEPLOYMENT_TARGET = 15.5;
				MARKETING_VERSION = 1.0;
				PRODUCT_BUNDLE_IDENTIFIER = "com.rwbutler.screen-brightness.ScreenBrightnessCombineDemoTests";
				PRODUCT_NAME = "$(TARGET_NAME)";
				SWIFT_EMIT_LOC_STRINGS = NO;
				SWIFT_VERSION = 5.0;
				TARGETED_DEVICE_FAMILY = "1,2";
				TEST_HOST = "$(BUILT_PRODUCTS_DIR)/ScreenBrightnessCombineDemo.app/ScreenBrightnessCombineDemo";
			};
			name = Debug;
		};
		300EE172284FAD7E009FB908 /* Release */ = {
			isa = XCBuildConfiguration;
			buildSettings = {
				ALWAYS_EMBED_SWIFT_STANDARD_LIBRARIES = YES;
				BUNDLE_LOADER = "$(TEST_HOST)";
				CODE_SIGN_STYLE = Automatic;
				CURRENT_PROJECT_VERSION = 1;
				GENERATE_INFOPLIST_FILE = YES;
				IPHONEOS_DEPLOYMENT_TARGET = 15.5;
				MARKETING_VERSION = 1.0;
				PRODUCT_BUNDLE_IDENTIFIER = "com.rwbutler.screen-brightness.ScreenBrightnessCombineDemoTests";
				PRODUCT_NAME = "$(TARGET_NAME)";
				SWIFT_EMIT_LOC_STRINGS = NO;
				SWIFT_VERSION = 5.0;
				TARGETED_DEVICE_FAMILY = "1,2";
				TEST_HOST = "$(BUILT_PRODUCTS_DIR)/ScreenBrightnessCombineDemo.app/ScreenBrightnessCombineDemo";
			};
			name = Release;
		};
		300EE174284FAD7E009FB908 /* Debug */ = {
			isa = XCBuildConfiguration;
			buildSettings = {
				ALWAYS_EMBED_SWIFT_STANDARD_LIBRARIES = YES;
				CODE_SIGN_STYLE = Automatic;
				CURRENT_PROJECT_VERSION = 1;
				GENERATE_INFOPLIST_FILE = YES;
				MARKETING_VERSION = 1.0;
				PRODUCT_BUNDLE_IDENTIFIER = "com.rwbutler.screen-brightness.ScreenBrightnessCombineDemoUITests";
				PRODUCT_NAME = "$(TARGET_NAME)";
				SWIFT_EMIT_LOC_STRINGS = NO;
				SWIFT_VERSION = 5.0;
				TARGETED_DEVICE_FAMILY = "1,2";
				TEST_TARGET_NAME = ScreenBrightnessCombineDemo;
			};
			name = Debug;
		};
		300EE175284FAD7E009FB908 /* Release */ = {
			isa = XCBuildConfiguration;
			buildSettings = {
				ALWAYS_EMBED_SWIFT_STANDARD_LIBRARIES = YES;
				CODE_SIGN_STYLE = Automatic;
				CURRENT_PROJECT_VERSION = 1;
				GENERATE_INFOPLIST_FILE = YES;
				MARKETING_VERSION = 1.0;
				PRODUCT_BUNDLE_IDENTIFIER = "com.rwbutler.screen-brightness.ScreenBrightnessCombineDemoUITests";
				PRODUCT_NAME = "$(TARGET_NAME)";
				SWIFT_EMIT_LOC_STRINGS = NO;
				SWIFT_VERSION = 5.0;
				TARGETED_DEVICE_FAMILY = "1,2";
				TEST_TARGET_NAME = ScreenBrightnessCombineDemo;
			};
			name = Release;
		};
/* End XCBuildConfiguration section */

/* Begin XCConfigurationList section */
		300EE13E284FAD7C009FB908 /* Build configuration list for PBXProject "ScreenBrightnessCombineDemo" */ = {
			isa = XCConfigurationList;
			buildConfigurations = (
				300EE16B284FAD7E009FB908 /* Debug */,
				300EE16C284FAD7E009FB908 /* Release */,
			);
			defaultConfigurationIsVisible = 0;
			defaultConfigurationName = Release;
		};
		300EE16D284FAD7E009FB908 /* Build configuration list for PBXNativeTarget "ScreenBrightnessCombineDemo" */ = {
			isa = XCConfigurationList;
			buildConfigurations = (
				300EE16E284FAD7E009FB908 /* Debug */,
				300EE16F284FAD7E009FB908 /* Release */,
			);
			defaultConfigurationIsVisible = 0;
			defaultConfigurationName = Release;
		};
		300EE170284FAD7E009FB908 /* Build configuration list for PBXNativeTarget "ScreenBrightnessCombineDemoTests" */ = {
			isa = XCConfigurationList;
			buildConfigurations = (
				300EE171284FAD7E009FB908 /* Debug */,
				300EE172284FAD7E009FB908 /* Release */,
			);
			defaultConfigurationIsVisible = 0;
			defaultConfigurationName = Release;
		};
		300EE173284FAD7E009FB908 /* Build configuration list for PBXNativeTarget "ScreenBrightnessCombineDemoUITests" */ = {
			isa = XCConfigurationList;
			buildConfigurations = (
				300EE174284FAD7E009FB908 /* Debug */,
				300EE175284FAD7E009FB908 /* Release */,
			);
			defaultConfigurationIsVisible = 0;
			defaultConfigurationName = Release;
		};
/* End XCConfigurationList section */
	};
	rootObject = 300EE13B284FAD7C009FB908 /* Project object */;
}
